
Microsoft Visual Studio Solution File, Format Version 12.00
# Visual Studio 15
VisualStudioVersion = 15.0.27130.2003
MinimumVisualStudioVersion = 10.0.40219.1
Project("{FAE04EC0-301F-11D3-BF4B-00C04F79EFBC}") = "ProjetoI9", "ProjetoI9\ProjetoI9.csproj", "{2AEFD419-9110-43EE-8CA1-0A433694BB3D}"
EndProject
Global
	GlobalSection(SolutionConfigurationPlatforms) = preSolution
		Debug|Any CPU = Debug|Any CPU
		Release|Any CPU = Release|Any CPU
	EndGlobalSection
	GlobalSection(ProjectConfigurationPlatforms) = postSolution
		{2AEFD419-9110-43EE-8CA1-0A433694BB3D}.Debug|Any CPU.ActiveCfg = Debug|Any CPU
		{2AEFD419-9110-43EE-8CA1-0A433694BB3D}.Debug|Any CPU.Build.0 = Debug|Any CPU
		{2AEFD419-9110-43EE-8CA1-0A433694BB3D}.Release|Any CPU.ActiveCfg = Release|Any CPU
		{2AEFD419-9110-43EE-8CA1-0A433694BB3D}.Release|Any CPU.Build.0 = Release|Any CPU
	EndGlobalSection
	GlobalSection(SolutionProperties) = preSolution
		HideSolutionNode = FALSE
	EndGlobalSection
	GlobalSection(ExtensibilityGlobals) = postSolution
		SolutionGuid = {09D62D49-8AC8-4B23-BF23-96F123B16D9C}
	EndGlobalSection
EndGlobal
