
Microsoft Visual Studio Solution File, Format Version 12.00
# Visual Studio 15
VisualStudioVersion = 15.0.27130.2003
MinimumVisualStudioVersion = 10.0.40219.1
Project("{FAE04EC0-301F-11D3-BF4B-00C04F79EFBC}") = "WebApplication1", "WebApplication1\WebApplication1.csproj", "{2CE661AE-0C2D-439A-BCB2-CD44CB4A08C1}"
EndProject
Global
	GlobalSection(SolutionConfigurationPlatforms) = preSolution
		Debug|Any CPU = Debug|Any CPU
		Release|Any CPU = Release|Any CPU
	EndGlobalSection
	GlobalSection(ProjectConfigurationPlatforms) = postSolution
		{2CE661AE-0C2D-439A-BCB2-CD44CB4A08C1}.Debug|Any CPU.ActiveCfg = Debug|Any CPU
		{2CE661AE-0C2D-439A-BCB2-CD44CB4A08C1}.Debug|Any CPU.Build.0 = Debug|Any CPU
		{2CE661AE-0C2D-439A-BCB2-CD44CB4A08C1}.Release|Any CPU.ActiveCfg = Release|Any CPU
		{2CE661AE-0C2D-439A-BCB2-CD44CB4A08C1}.Release|Any CPU.Build.0 = Release|Any CPU
	EndGlobalSection
	GlobalSection(SolutionProperties) = preSolution
		HideSolutionNode = FALSE
	EndGlobalSection
	GlobalSection(ExtensibilityGlobals) = postSolution
		SolutionGuid = {F174833F-1860-4FE3-A66F-C00CB4436EDD}
	EndGlobalSection
EndGlobal
