
Microsoft Visual Studio Solution File, Format Version 12.00
# Visual Studio 15
VisualStudioVersion = 15.0.27130.2003
MinimumVisualStudioVersion = 10.0.40219.1
Project("{FAE04EC0-301F-11D3-BF4B-00C04F79EFBC}") = "I9", "I9\I9.csproj", "{D1133483-A53B-412B-8EDD-A5220D28CFC3}"
EndProject
Global
	GlobalSection(SolutionConfigurationPlatforms) = preSolution
		Debug|Any CPU = Debug|Any CPU
		Release|Any CPU = Release|Any CPU
	EndGlobalSection
	GlobalSection(ProjectConfigurationPlatforms) = postSolution
		{D1133483-A53B-412B-8EDD-A5220D28CFC3}.Debug|Any CPU.ActiveCfg = Debug|Any CPU
		{D1133483-A53B-412B-8EDD-A5220D28CFC3}.Debug|Any CPU.Build.0 = Debug|Any CPU
		{D1133483-A53B-412B-8EDD-A5220D28CFC3}.Release|Any CPU.ActiveCfg = Release|Any CPU
		{D1133483-A53B-412B-8EDD-A5220D28CFC3}.Release|Any CPU.Build.0 = Release|Any CPU
	EndGlobalSection
	GlobalSection(SolutionProperties) = preSolution
		HideSolutionNode = FALSE
	EndGlobalSection
	GlobalSection(ExtensibilityGlobals) = postSolution
		SolutionGuid = {C225744E-6225-4532-8315-6E886F84E8E9}
	EndGlobalSection
EndGlobal
